
Microsoft Visual Studio Solution File, Format Version 12.00
# Visual Studio Version 16
VisualStudioVersion = 16.0.32228.343
MinimumVisualStudioVersion = 10.0.40219.1
Project("{FAE04EC0-301F-11D3-BF4B-00C04F79EFBC}") = "AFPCrecer", "AFPCrecer\AFPCrecer.csproj", "{EEFB52D6-4404-456E-96E3-C17356A40373}"
EndProject
Global
	GlobalSection(SolutionConfigurationPlatforms) = preSolution
		Debug|Any CPU = Debug|Any CPU
		Release|Any CPU = Release|Any CPU
	EndGlobalSection
	GlobalSection(ProjectConfigurationPlatforms) = postSolution
		{EEFB52D6-4404-456E-96E3-C17356A40373}.Debug|Any CPU.ActiveCfg = Debug|Any CPU
		{EEFB52D6-4404-456E-96E3-C17356A40373}.Debug|Any CPU.Build.0 = Debug|Any CPU
		{EEFB52D6-4404-456E-96E3-C17356A40373}.Release|Any CPU.ActiveCfg = Release|Any CPU
		{EEFB52D6-4404-456E-96E3-C17356A40373}.Release|Any CPU.Build.0 = Release|Any CPU
	EndGlobalSection
	GlobalSection(SolutionProperties) = preSolution
		HideSolutionNode = FALSE
	EndGlobalSection
	GlobalSection(ExtensibilityGlobals) = postSolution
		SolutionGuid = {CBE974CC-0642-4D45-B9EA-3347B1B45585}
	EndGlobalSection
EndGlobal
